
Microsoft Visual Studio Solution File, Format Version 12.00
# Visual Studio Version 17
VisualStudioVersion = 17.14.36915.13 d17.14
MinimumVisualStudioVersion = 10.0.40219.1
Project("{FAE04EC0-301F-11D3-BF4B-00C04F79EFBC}") = "POS", "POS.csproj", "{0B2E4FEA-64BD-419C-9192-47BE34DDAD6F}"
EndProject
Global
	GlobalSection(SolutionConfigurationPlatforms) = preSolution
		Debug|Any CPU = Debug|Any CPU
		Release|Any CPU = Release|Any CPU
	EndGlobalSection
	GlobalSection(ProjectConfigurationPlatforms) = postSolution
		{0B2E4FEA-64BD-419C-9192-47BE34DDAD6F}.Debug|Any CPU.ActiveCfg = Debug|Any CPU
		{0B2E4FEA-64BD-419C-9192-47BE34DDAD6F}.Debug|Any CPU.Build.0 = Debug|Any CPU
		{0B2E4FEA-64BD-419C-9192-47BE34DDAD6F}.Release|Any CPU.ActiveCfg = Release|Any CPU
		{0B2E4FEA-64BD-419C-9192-47BE34DDAD6F}.Release|Any CPU.Build.0 = Release|Any CPU
	EndGlobalSection
	GlobalSection(SolutionProperties) = preSolution
		HideSolutionNode = FALSE
	EndGlobalSection
	GlobalSection(ExtensibilityGlobals) = postSolution
		SolutionGuid = {7A515E24-634C-47CC-A7E6-46A2D0F4C51F}
	EndGlobalSection
EndGlobal
